Microsoft Visual Studio Solution File, Format Version 12.00
# Visual Studio Version 16
VisualStudioVersion = 16.0.31729.503
MinimumVisualStudioVersion = 10.0.40219.1
Project("{FAE04EC0-301F-11D3-BF4B-00C04F79EFBC}") = "Graph1", "Graph1\Graph1.csproj", "{E9C14161-3646-4DB1-A417-B9DEE527E783}"
EndProject
Global
	GlobalSection(SolutionConfigurationPlatforms) = preSolution
		Debug|Any CPU = Debug|Any CPU
		Release|Any CPU = Release|Any CPU
	EndGlobalSection
	GlobalSection(ProjectConfigurationPlatforms) = postSolution
		{E9C14161-3646-4DB1-A417-B9DEE527E783}.Debug|Any CPU.ActiveCfg = Debug|Any CPU
		{E9C14161-3646-4DB1-A417-B9DEE527E783}.Debug|Any CPU.Build.0 = Debug|Any CPU
		{E9C14161-3646-4DB1-A417-B9DEE527E783}.Release|Any CPU.ActiveCfg = Release|Any CPU
		{E9C14161-3646-4DB1-A417-B9DEE527E783}.Release|Any CPU.Build.0 = Release|Any CPU
	EndGlobalSection
	GlobalSection(SolutionProperties) = preSolution
		HideSolutionNode = FALSE
	EndGlobalSection
	GlobalSection(ExtensibilityGlobals) = postSolution
		SolutionGuid = {E6D39997-1B04-4318-A455-34A6ADC879C3}
	EndGlobalSection
EndGlobal
